%{
  "castore": {:git, "https://github.com/elixir-mint/castore.git", "4e47e0f9f6c5bb5c852b144f0c555d6c0cd1eb38", [tag: "v1.0.5"]},
  "finch": {:git, "https://github.com/sneako/finch.git", "da7087c44c0b9c8e501021d86671f8b34b460dbb", [tag: "v0.18.0"]},
  "hpax": {:git, "https://github.com/elixir-mint/hpax.git", "d6c8047779de224ec9116037bd905df10bd67e76", [tag: "v0.2.0"]},
  "jason": {:git, "https://github.com/michalmuskala/jason.git", "f3a707574d207167e10a0574015e46a4bfad4acc", [tag: "v1.4.1"]},
  "mime": {:git, "https://github.com/elixir-plug/mime.git", "34bd5aa68df1f890284eea3cb51a38289649b068", [tag: "v2.0.5"]},
  "mint": {:git, "https://github.com/elixir-mint/mint.git", "7bb9ee7b6cbda479bab0031ddacff2cb515156a2", [tag: "v1.5.2"]},
  "nimble_options": {:git, "https://github.com/dashbitco/nimble_options.git", "7e0201bd9fcbbf4839940bd20c4abf4eec61bc73", [tag: "v1.1.0"]},
  "nimble_ownership": {:git, "https://github.com/dashbitco/nimble_ownership.git", "e0a3025bfe0440571bf122deb167ca00ece3f5fb", [tag: "v0.3.0"]},
  "nimble_pool": {:git, "https://github.com/dashbitco/nimble_pool.git", "18e620ec0eb6510b8bad44eb6500ce8bc64570ae", [tag: "v1.0.0"]},
  "req": {:git, "https://github.com/wojtekmach/req.git", "3852d7e1d0861e7c4a6ae176dba2224d1aaf786e", [tag: "v0.4.14"]},
  "telemetry": {:git, "https://github.com/beam-telemetry/telemetry.git", "80c7eb7ed620b7e0aff1c38586901c71d3565308", [tag: "v1.2.1"]},
}
